{
  "name": "flow_tutorial",
  "lockfileVersion": 3,
  "requires": true,
  "packages": {
    "": {
      "dependencies": {
        "flow-cli": "^0.0.0-pre"
      }
    },
    "node_modules/flow-cli": {
      "version": "0.0.0-pre",
      "resolved": "https://registry.npmjs.org/flow-cli/-/flow-cli-0.0.0-pre.tgz",
      "integrity": "sha512-qOZVDgf+I+RzienWpuLVGDGX79ffp9zps3BkiPP+xwLrovehqn3y+G4kPi4Qz8VIX5bDiLIDZs04dLT7V86M9w=="
    }
  }
}
